// !$*UTF8*$!
{
	archiveVersion = 1;
	classes = {
	};
	objectVersion = 46;
	objects = {

/* Begin PBXBuildFile section */
		84516B8719A85EDA00EA0794 /* AppDelegate.swift in Sources */ = {isa = PBXBuildFile; fileRef = 84516B8619A85EDA00EA0794 /* AppDelegate.swift */; };
		84516B8A19A85EDA00EA0794 /* Test.xcdatamodeld in Sources */ = {isa = PBXBuildFile; fileRef = 84516B8819A85EDA00EA0794 /* Test.xcdatamodeld */; };
		84516B8C19A85EDA00EA0794 /* ViewController.swift in Sources */ = {isa = PBXBuildFile; fileRef = 84516B8B19A85EDA00EA0794 /* ViewController.swift */; };
		84516B8F19A85EDA00EA0794 /* Main.storyboard in Resources */ = {isa = PBXBuildFile; fileRef = 84516B8D19A85EDA00EA0794 /* Main.storyboard */; };
		84516B9119A85EDA00EA0794 /* Images.xcassets in Resources */ = {isa = PBXBuildFile; fileRef = 84516B9019A85EDA00EA0794 /* Images.xcassets */; };
		84516B9D19A85EDA00EA0794 /* TestTests.swift in Sources */ = {isa = PBXBuildFile; fileRef = 84516B9C19A85EDA00EA0794 /* TestTests.swift */; };
/* End PBXBuildFile section */

/* Begin PBXContainerItemProxy section */
		84516B9719A85EDA00EA0794 /* PBXContainerItemProxy */ = {
			isa = PBXContainerItemProxy;
			containerPortal = 84516B7919A85ED900EA0794 /* Project object */;
			proxyType = 1;
			remoteGlobalIDString = 84516B8019A85ED900EA0794;
			remoteInfo = Test;
		};
/* End PBXContainerItemProxy section */

/* Begin PBXFileReference section */
		84516B8119A85EDA00EA0794 /* Test.app */ = {isa = PBXFileReference; explicitFileType = wrapper.application; includeInIndex = 0; path = Test.app; sourceTree = BUILT_PRODUCTS_DIR; };
		84516B8519A85EDA00EA0794 /* Info.plist */ = {isa = PBXFileReference; lastKnownFileType = text.plist.xml; path = Info.plist; sourceTree = "<group>"; };
		84516B8619A85EDA00EA0794 /* AppDelegate.swift */ = {isa = PBXFileReference; lastKnownFileType = sourcecode.swift; path = AppDelegate.swift; sourceTree = "<group>"; };
		84516B8919A85EDA00EA0794 /* Test.xcdatamodel */ = {isa = PBXFileReference; lastKnownFileType = wrapper.xcdatamodel; path = Test.xcdatamodel; sourceTree = "<group>"; };
		84516B8B19A85EDA00EA0794 /* ViewController.swift */ = {isa = PBXFileReference; lastKnownFileType = sourcecode.swift; path = ViewController.swift; sourceTree = "<group>"; };
		84516B8E19A85EDA00EA0794 /* Base */ = {isa = PBXFileReference; lastKnownFileType = file.storyboard; name = Base; path = Base.lproj/Main.storyboard; sourceTree = "<group>"; };
		84516B9019A85EDA00EA0794 /* Images.xcassets */ = {isa = PBXFileReference; lastKnownFileType = folder.assetcatalog; path = Images.xcassets; sourceTree = "<group>"; };
		84516B9619A85EDA00EA0794 /* TestTests.xctest */ = {isa = PBXFileReference; explicitFileType = wrapper.cfbundle; includeInIndex = 0; path = TestTests.xctest; sourceTree = BUILT_PRODUCTS_DIR; };
		84516B9B19A85EDA00EA0794 /* Info.plist */ = {isa = PBXFileReference; lastKnownFileType = text.plist.xml; path = Info.plist; sourceTree = "<group>"; };
		84516B9C19A85EDA00EA0794 /* TestTests.swift */ = {isa = PBXFileReference; lastKnownFileType = sourcecode.swift; path = TestTests.swift; sourceTree = "<group>"; };
/* End PBXFileReference section */

/* Begin PBXFrameworksBuildPhase section */
		84516B7E19A85ED900EA0794 /* Frameworks */ = {
			isa = PBXFrameworksBuildPhase;
			buildActionMask = 2147483647;
			files = (
			);
			runOnlyForDeploymentPostprocessing = 0;
		};
		84516B9319A85EDA00EA0794 /* Frameworks */ = {
			isa = PBXFrameworksBuildPhase;
			buildActionMask = 2147483647;
			files = (
			);
			runOnlyForDeploymentPostprocessing = 0;
		};
/* End PBXFrameworksBuildPhase section */

/* Begin PBXGroup section */
		84516B7819A85ED900EA0794 = {
			isa = PBXGroup;
			children = (
				84516B8319A85EDA00EA0794 /* Test */,
				84516B9919A85EDA00EA0794 /* TestTests */,
				84516B8219A85EDA00EA0794 /* Products */,
			);
			sourceTree = "<group>";
		};
		84516B8219A85EDA00EA0794 /* Products */ = {
			isa = PBXGroup;
			children = (
				84516B8119A85EDA00EA0794 /* Test.app */,
				84516B9619A85EDA00EA0794 /* TestTests.xctest */,
			);
			name = Products;
			sourceTree = "<group>";
		};
		84516B8319A85EDA00EA0794 /* Test */ = {
			isa = PBXGroup;
			children = (
				84516B8619A85EDA00EA0794 /* AppDelegate.swift */,
				84516B8B19A85EDA00EA0794 /* ViewController.swift */,
				84516B8D19A85EDA00EA0794 /* Main.storyboard */,
				84516B9019A85EDA00EA0794 /* Images.xcassets */,
				84516B8819A85EDA00EA0794 /* Test.xcdatamodeld */,
				84516B8419A85EDA00EA0794 /* Supporting Files */,
			);
			path = Test;
			sourceTree = "<group>";
		};
		84516B8419A85EDA00EA0794 /* Supporting Files */ = {
			isa = PBXGroup;
			children = (
				84516B8519A85EDA00EA0794 /* Info.plist */,
			);
			name = "Supporting Files";
			sourceTree = "<group>";
		};
		84516B9919A85EDA00EA0794 /* TestTests */ = {
			isa = PBXGroup;
			children = (
				84516B9C19A85EDA00EA0794 /* TestTests.swift */,
				84516B9A19A85EDA00EA0794 /* Supporting Files */,
			);
			path = TestTests;
			sourceTree = "<group>";
		};
		84516B9A19A85EDA00EA0794 /* Supporting Files */ = {
			isa = PBXGroup;
			children = (
				84516B9B19A85EDA00EA0794 /* Info.plist */,
			);
			name = "Supporting Files";
			sourceTree = "<group>";
		};
/* End PBXGroup section */

/* Begin PBXNativeTarget section */
		84516B8019A85ED900EA0794 /* Test */ = {
			isa = PBXNativeTarget;
			buildConfigurationList = 84516BA019A85EDA00EA0794 /* Build configuration list for PBXNativeTarget "Test" */;
			buildPhases = (
				84516B7D19A85ED900EA0794 /* Sources */,
				84516B7E19A85ED900EA0794 /* Frameworks */,
				84516B7F19A85ED900EA0794 /* Resources */,
			);
			buildRules = (
			);
			dependencies = (
			);
			name = Test;
			productName = Test;
			productReference = 84516B8119A85EDA00EA0794 /* Test.app */;
			productType = "com.apple.product-type.application";
		};
		84516B9519A85EDA00EA0794 /* TestTests */ = {
			isa = PBXNativeTarget;
			buildConfigurationList = 84516BA319A85EDA00EA0794 /* Build configuration list for PBXNativeTarget "TestTests" */;
			buildPhases = (
				84516B9219A85EDA00EA0794 /* Sources */,
				84516B9319A85EDA00EA0794 /* Frameworks */,
				84516B9419A85EDA00EA0794 /* Resources */,
			);
			buildRules = (
			);
			dependencies = (
				84516B9819A85EDA00EA0794 /* PBXTargetDependency */,
			);
			name = TestTests;
			productName = TestTests;
			productReference = 84516B9619A85EDA00EA0794 /* TestTests.xctest */;
			productType = "com.apple.product-type.bundle.unit-test";
		};
/* End PBXNativeTarget section */

/* Begin PBXProject section */
		84516B7919A85ED900EA0794 /* Project object */ = {
			isa = PBXProject;
			attributes = {
				LastUpgradeCheck = 0600;
				ORGANIZATIONNAME = Admin;
				TargetAttributes = {
					84516B8019A85ED900EA0794 = {
						CreatedOnToolsVersion = 6.0;
					};
					84516B9519A85EDA00EA0794 = {
						CreatedOnToolsVersion = 6.0;
						TestTargetID = 84516B8019A85ED900EA0794;
					};
				};
			};
			buildConfigurationList = 84516B7C19A85ED900EA0794 /* Build configuration list for PBXProject "Test" */;
			compatibilityVersion = "Xcode 3.2";
			developmentRegion = English;
			hasScannedForEncodings = 0;
			knownRegions = (
				en,
				Base,
			);
			mainGroup = 84516B7819A85ED900EA0794;
			productRefGroup = 84516B8219A85EDA00EA0794 /* Products */;
			projectDirPath = "";
			projectRoot = "";
			targets = (
				84516B8019A85ED900EA0794 /* Test */,
				84516B9519A85EDA00EA0794 /* TestTests */,
			);
		};
/* End PBXProject section */

/* Begin PBXResourcesBuildPhase section */
		84516B7F19A85ED900EA0794 /* Resources */ = {
			isa = PBXResourcesBuildPhase;
			buildActionMask = 2147483647;
			files = (
				84516B8F19A85EDA00EA0794 /* Main.storyboard in Resources */,
				84516B9119A85EDA00EA0794 /* Images.xcassets in Resources */,
			);
			runOnlyForDeploymentPostprocessing = 0;
		};
		84516B9419A85EDA00EA0794 /* Resources */ = {
			isa = PBXResourcesBuildPhase;
			buildActionMask = 2147483647;
			files = (
			);
			runOnlyForDeploymentPostprocessing = 0;
		};
/* End PBXResourcesBuildPhase section */

/* Begin PBXSourcesBuildPhase section */
		84516B7D19A85ED900EA0794 /* Sources */ = {
			isa = PBXSourcesBuildPhase;
			buildActionMask = 2147483647;
			files = (
				84516B8C19A85EDA00EA0794 /* ViewController.swift in Sources */,
				84516B8719A85EDA00EA0794 /* AppDelegate.swift in Sources */,
				84516B8A19A85EDA00EA0794 /* Test.xcdatamodeld in Sources */,
			);
			runOnlyForDeploymentPostprocessing = 0;
		};
		84516B9219A85EDA00EA0794 /* Sources */ = {
			isa = PBXSourcesBuildPhase;
			buildActionMask = 2147483647;
			files = (
				84516B9D19A85EDA00EA0794 /* TestTests.swift in Sources */,
			);
			runOnlyForDeploymentPostprocessing = 0;
		};
/* End PBXSourcesBuildPhase section */

/* Begin PBXTargetDependency section */
		84516B9819A85EDA00EA0794 /* PBXTargetDependency */ = {
			isa = PBXTargetDependency;
			target = 84516B8019A85ED900EA0794 /* Test */;
			targetProxy = 84516B9719A85EDA00EA0794 /* PBXContainerItemProxy */;
		};
/* End PBXTargetDependency section */

/* Begin PBXVariantGroup section */
		84516B8D19A85EDA00EA0794 /* Main.storyboard */ = {
			isa = PBXVariantGroup;
			children = (
				84516B8E19A85EDA00EA0794 /* Base */,
			);
			name = Main.storyboard;
			sourceTree = "<group>";
		};
/* End PBXVariantGroup section */

/* Begin XCBuildConfiguration section */
		84516B9E19A85EDA00EA0794 /* Debug */ = {
			isa = XCBuildConfiguration;
			buildSettings = {
				ALWAYS_SEARCH_USER_PATHS = NO;
				CLANG_CXX_LANGUAGE_STANDARD = "gnu++0x";
				CLANG_CXX_LIBRARY = "libc++";
				CLANG_ENABLE_MODULES = YES;
				CLANG_ENABLE_OBJC_ARC = YES;
				CLANG_WARN_BOOL_CONVERSION = YES;
				CLANG_WARN_CONSTANT_CONVERSION = YES;
				CLANG_WARN_DIRECT_OBJC_ISA_USAGE = YES_ERROR;
				CLANG_WARN_EMPTY_BODY = YES;
				CLANG_WARN_ENUM_CONVERSION = YES;
				CLANG_WARN_INT_CONVERSION = YES;
				CLANG_WARN_OBJC_ROOT_CLASS = YES_ERROR;
				CLANG_WARN_UNREACHABLE_CODE = YES;
				CLANG_WARN__DUPLICATE_METHOD_MATCH = YES;
				"CODE_SIGN_IDENTITY[sdk=iphoneos*]" = "iPhone Developer";
				COPY_PHASE_STRIP = NO;
				ENABLE_STRICT_OBJC_MSGSEND = YES;
				GCC_C_LANGUAGE_STANDARD = gnu99;
				GCC_DYNAMIC_NO_PIC = NO;
				GCC_OPTIMIZATION_LEVEL = 0;
				GCC_PREPROCESSOR_DEFINITIONS = (
					"DEBUG=1",
					"$(inherited)",
				);
				GCC_SYMBOLS_PRIVATE_EXTERN = NO;
				GCC_WARN_64_TO_32_BIT_CONVERSION = YES;
				GCC_WARN_ABOUT_RETURN_TYPE = YES_ERROR;
				GCC_WARN_UNDECLARED_SELECTOR = YES;
				GCC_WARN_UNINITIALIZED_AUTOS = YES_AGGRESSIVE;
				GCC_WARN_UNUSED_FUNCTION = YES;
				GCC_WARN_UNUSED_VARIABLE = YES;
				IPHONEOS_DEPLOYMENT_TARGET = 8.0;
				MTL_ENABLE_DEBUG_INFO = YES;
				ONLY_ACTIVE_ARCH = YES;
				SDKROOT = iphoneos;
				SWIFT_OPTIMIZATION_LEVEL = "-Onone";
			};
			name = Debug;
		};
		84516B9F19A85EDA00EA0794 /* Release */ = {
			isa = XCBuildConfiguration;
			buildSettings = {
				ALWAYS_SEARCH_USER_PATHS = NO;
				CLANG_CXX_LANGUAGE_STANDARD = "gnu++0x";
				CLANG_CXX_LIBRARY = "libc++";
				CLANG_ENABLE_MODULES = YES;
				CLANG_ENABLE_OBJC_ARC = YES;
				CLANG_WARN_BOOL_CONVERSION = YES;
				CLANG_WARN_CONSTANT_CONVERSION = YES;
				CLANG_WARN_DIRECT_OBJC_ISA_USAGE = YES_ERROR;
				CLANG_WARN_EMPTY_BODY = YES;
				CLANG_WARN_ENUM_CONVERSION = YES;
				CLANG_WARN_INT_CONVERSION = YES;
				CLANG_WARN_OBJC_ROOT_CLASS = YES_ERROR;
				CLANG_WARN_UNREACHABLE_CODE = YES;
				CLANG_WARN__DUPLICATE_METHOD_MATCH = YES;
				"CODE_SIGN_IDENTITY[sdk=iphoneos*]" = "iPhone Developer";
				COPY_PHASE_STRIP = YES;
				ENABLE_NS_ASSERTIONS = NO;
				ENABLE_STRICT_OBJC_MSGSEND = YES;
				GCC_C_LANGUAGE_STANDARD = gnu99;
				GCC_WARN_64_TO_32_BIT_CONVERSION = YES;
				GCC_WARN_ABOUT_RETURN_TYPE = YES_ERROR;
				GCC_WARN_UNDECLARED_SELECTOR = YES;
				GCC_WARN_UNINITIALIZED_AUTOS = YES_AGGRESSIVE;
				GCC_WARN_UNUSED_FUNCTION = YES;
				GCC_WARN_UNUSED_VARIABLE = YES;
				IPHONEOS_DEPLOYMENT_TARGET = 8.0;
				MTL_ENABLE_DEBUG_INFO = NO;
				SDKROOT = iphoneos;
				VALIDATE_PRODUCT = YES;
			};
			name = Release;
		};
		84516BA119A85EDA00EA0794 /* Debug */ = {
			isa = XCBuildConfiguration;
			buildSettings = {
				ASSETCATALOG_COMPILER_APPICON_NAME = AppIcon;
				ASSETCATALOG_COMPILER_LAUNCHIMAGE_NAME = LaunchImage;
				INFOPLIST_FILE = Test/Info.plist;
				LD_RUNPATH_SEARCH_PATHS = "$(inherited) @executable_path/Frameworks";
				PRODUCT_NAME = "$(TARGET_NAME)";
			};
			name = Debug;
		};
		84516BA219A85EDA00EA0794 /* Release */ = {
			isa = XCBuildConfiguration;
			buildSettings = {
				ASSETCATALOG_COMPILER_APPICON_NAME = AppIcon;
				ASSETCATALOG_COMPILER_LAUNCHIMAGE_NAME = LaunchImage;
				INFOPLIST_FILE = Test/Info.plist;
				LD_RUNPATH_SEARCH_PATHS = "$(inherited) @executable_path/Frameworks";
				PRODUCT_NAME = "$(TARGET_NAME)";
			};
			name = Release;
		};
		84516BA419A85EDA00EA0794 /* Debug */ = {
			isa = XCBuildConfiguration;
			buildSettings = {
				BUNDLE_LOADER = "$(TEST_HOST)";
				FRAMEWORK_SEARCH_PATHS = (
					"$(SDKROOT)/Developer/Library/Frameworks",
					"$(inherited)",
				);
				GCC_PREPROCESSOR_DEFINITIONS = (
					"DEBUG=1",
					"$(inherited)",
				);
				INFOPLIST_FILE = TestTests/Info.plist;
				LD_RUNPATH_SEARCH_PATHS = "$(inherited) @executable_path/Frameworks @loader_path/Frameworks";
				PRODUCT_NAME = "$(TARGET_NAME)";
				TEST_HOST = "$(BUILT_PRODUCTS_DIR)/Test.app/Test";
			};
			name = Debug;
		};
		84516BA519A85EDA00EA0794 /* Release */ = {
			isa = XCBuildConfiguration;
			buildSettings = {
				BUNDLE_LOADER = "$(TEST_HOST)";
				FRAMEWORK_SEARCH_PATHS = (
					"$(SDKROOT)/Developer/Library/Frameworks",
					"$(inherited)",
				);
				INFOPLIST_FILE = TestTests/Info.plist;
				LD_RUNPATH_SEARCH_PATHS = "$(inherited) @executable_path/Frameworks @loader_path/Frameworks";
				PRODUCT_NAME = "$(TARGET_NAME)";
				TEST_HOST = "$(BUILT_PRODUCTS_DIR)/Test.app/Test";
			};
			name = Release;
		};
/* End XCBuildConfiguration section */

/* Begin XCConfigurationList section */
		84516B7C19A85ED900EA0794 /* Build configuration list for PBXProject "Test" */ = {
			isa = XCConfigurationList;
			buildConfigurations = (
				84516B9E19A85EDA00EA0794 /* Debug */,
				84516B9F19A85EDA00EA0794 /* Release */,
			);
			defaultConfigurationIsVisible = 0;
			defaultConfigurationName = Release;
		};
		84516BA019A85EDA00EA0794 /* Build configuration list for PBXNativeTarget "Test" */ = {
			isa = XCConfigurationList;
			buildConfigurations = (
				84516BA119A85EDA00EA0794 /* Debug */,
				84516BA219A85EDA00EA0794 /* Release */,
			);
			defaultConfigurationIsVisible = 0;
		};
		84516BA319A85EDA00EA0794 /* Build configuration list for PBXNativeTarget "TestTests" */ = {
			isa = XCConfigurationList;
			buildConfigurations = (
				84516BA419A85EDA00EA0794 /* Debug */,
				84516BA519A85EDA00EA0794 /* Release */,
			);
			defaultConfigurationIsVisible = 0;
		};
/* End XCConfigurationList section */

/* Begin XCVersionGroup section */
		84516B8819A85EDA00EA0794 /* Test.xcdatamodeld */ = {
			isa = XCVersionGroup;
			children = (
				84516B8919A85EDA00EA0794 /* Test.xcdatamodel */,
			);
			currentVersion = 84516B8919A85EDA00EA0794 /* Test.xcdatamodel */;
			path = Test.xcdatamodeld;
			sourceTree = "<group>";
			versionGroupType = wrapper.xcdatamodel;
		};
/* End XCVersionGroup section */
	};
	rootObject = 84516B7919A85ED900EA0794 /* Project object */;
}
